{
  "name": "@hamid-vakilzadeh/canvas-mcp",
  "version": "0.1.0",
  "lockfileVersion": 3,
  "requires": true,
  "packages": {
    "": {
      "name": "@hamid-vakilzadeh/canvas-mcp",
      "version": "0.1.0",
      "bin": {
        "canvas-mcp": "bin/canvas-mcp.js"
      },
      "engines": {
        "node": ">=20"
      }
    }
  }
}
